format=local-inference-source-lock/v1
status=research-only
release.name=glm53-r27-tp3-min-overlay
release.parent.name=jovian-judgement-community-20260906-r27
release.parent.image=voipmonitor/vllm:jovian-judgement-community-20260906-r27
release.parent.digest=sha256:a298fe1cd207eaf97bd2ff2686716ed25b7009c09b36650eba732a4a7dc51512
release.parent.id=sha256:aef5832d6661375dfc94607ae89db8c99af50c015010f61c12d06d958fbb53d1
release.parent.source-lock.sha256=e964f1c53c693eb83c3476c89a4a40e823f6d012f5ef9588ff5ae025ab18dd91
release.overlay.repository=https://github.com/local-inference-lab/blackwell-llm-docker.git
release.overlay.revision=org.opencontainers.image.revision
release.overlay.contract=glm53-r27-tp3-min

vllm.repository=https://github.com/infernix/vllm.git
vllm.ref=refs/heads/research/glm53-tp3-r27-min
vllm.base.commit=7d66922a7bf0c9c7efe9a35a87df128f6b24e762
vllm.integration.commit=1ad233f31a2c932ca2ab86935ef604ad5983e4bb
vllm.integration.tree=e39e3279aef233736106886536a9929eae6a2df9
vllm.package.tree=e39e3279aef233736106886536a9929eae6a2df9
vllm.package.version=0.26.1rc0+glm53.flash.nvfp4.luke.clean.r1.vllme75bcfd.b12x58a046f
vllm.native-extension.source=inherited from the immutable parent package

b12x.repository=https://github.com/infernix/b12x.git
b12x.ref=refs/heads/research/glm53-tp3-r27-min
b12x.base.commit=a1bbd02781c7505754e7aa58a959c1a77891c690
b12x.integration.commit=fdb5bc7bc13da1ed46b373f536d803b6645a02df
b12x.integration.tree=5a8d6547dcc29760716257a3de31e6cd98ea87fe
b12x.package.tree=bc1cd882339a78b39cde2a5cff35862d569e1e55
b12x.package.version=1.3.0

lmcache.repository=https://github.com/local-inference-lab/LMCache.git
lmcache.ref=integration/glm53-r26-current-head-20260905
lmcache.commit=822330db1160d2847538d53f9e6f4eeee2404f4d
lmcache.tree=008ac3e09ae5917aa0849147480d7bd5b9f8b37a
lmcache.package.tree=fe5442fbf258accaa7f26d2bbb00d8b7b5c349ca
lmcache.source=inherited unchanged from the immutable parent

flashkda.repository=https://github.com/vllm-project/FlashKDA.git
flashkda.commit=3b225bf26bb8e218928a1fe14751cb48cf31d11b
flashkda.source=inherited unchanged from the immutable parent

cache.generic.fingerprint=cu133-torch213-glm53-vllma336313d-fkda3b225bf-b12x95fdcb1c-lmcachefe5442fb-p2048-bt4096
cache.tp3.fingerprint=cu133-torch213-glm53-r27-tp3-vllm1ad233f3-b12xfdb5bc7b-dense-ctx1m-seq8-bt8192

launcher.tp3.path=/usr/local/bin/serve-glm53-flash-tp3-r27.sh
launcher.tp3.sha256=98fb902302bd1fdea19ebc24a36746db67b3d694009848e8fff1d8f182167135
launcher.dflash.path=/usr/local/bin/serve-glm53-flash-nvfp4-dflash2.sh
launcher.dflash.sha256=a802121b32ff7b1f6f820bee2afc7f17c771dd605af23358c2762634ac9edf00
launcher.cache-mode.path=/usr/local/bin/serve-glm53-flash.sh
launcher.cache-mode.sha256=f4ba51cf15bb362a321d22ddd08b5c27c71ef60fed8c428ea845f14d3dfb822d
launcher.lmcache.path=/usr/local/bin/serve-glm53-flash-lmcache.sh
launcher.lmcache.sha256=cfee14450faee85732081c393f8868c60b3f77fdd370cce8f93633acaa0f37de
launcher.base-dflash.path=/usr/local/libexec/serve-glm53-flash-nvfp4-dflash2.sh
launcher.base-dflash.sha256=e149d469b999181ca626c450c12f531721f21c0fb697690f80c7617f591ea7b4
launcher.base-cache.path=/usr/local/libexec/serve-glm53-flash-lmcache-cache-complete.sh
launcher.base-cache.sha256=a618a5c6e60e0b2d145cbf6a269cddb7fb032abd45d5b6ddc8d769150da15d02

target.model=local-inference-lab/GLM-5.3-Flash-NVFP4
target.revision=46aaae8a82032f77100f2f03e9cc11b391df3b4d
draft.model=local-inference-lab/GLM-5.3-Flash-DFlash2
draft.revision=huggingface-main

qualification.status=research-only
qualification.scope=External receipt must bind this source lock, runtime revision, image ID, and hardware evidence.